github.com/neurlang/wayland v0.4.4 h1:OilGHhlFTi1eP2WMbR4lF6QAVrimHcAhO2g/Gt/c+hs=
github.com/neurlang/wayland v0.4.4/go.mod h1:ZPUsmrcHQDH9q26qvwrrlCJpo4HjfNiAZvbbWrLMMBo=
github.com/yalue/native_endian v1.0.2 h1:e4SxBbaCoOOO4E3axd7FSriUhzc1bIzqZGG5jl6Evbg=
github.com/yalue/native_endian v1.0.2/go.mod h1:cr+I2WnCwDkkPV0DvgBpGQkJV12CDWR5bAoMtT+56iE=
golang.org/x/sys v0.36.0 h1:KVRy2GtZBrk1cBYA7MKu5bEZFxQk4NIDV6RLVcC8o0k=
golang.org/x/sys v0.36.0/go.mod h1:OgkHotnGiDImocRcuBABYBEXf8A9a87e/uXjp9XT3ks=
